{
  "version": 4,
  "terraform_version": "1.4.2",
  "serial": 4,
  "lineage": "b4dc9ff2-0684-0f35-54a1-a3087d6a917b",
  "outputs": {
    "image_id": {
      "value": "fd820mf6aljucqk2tcgh",
      "type": "string"
    },
    "image_name": {
      "value": "reddit-base-20251123-192346",
      "type": "string"
    }
  },
  "resources": [
    {
      "mode": "managed",
      "type": "yandex_compute_image",
      "name": "reddit-base",
      "provider": "provider[\"registry.terraform.io/yandex-cloud/yandex\"]",
      "instances": [
        {
          "schema_version": 0,
          "attributes": {
            "created_at": "2025-11-23T19:23:46Z",
            "description": "Ubuntu 16.04 with Ruby 2.4.1 and MongoDB",
            "family": "reddit-base",
            "folder_id": "b1ga8kilo5nklegmh627",
            "id": "fd820mf6aljucqk2tcgh",
            "labels": null,
            "min_disk_size": 10,
            "name": "reddit-base-20251123-192346",
            "os_type": null,
            "pooled": false,
            "product_ids": [
              "f2e4g0idmejrlev50m4f"
            ],
            "size": 2,
            "source_disk": "fhms570hr45hpd0uqv4n",
            "source_family": null,
            "source_image": null,
            "source_snapshot": null,
            "source_url": null,
            "status": "ready",
            "timeouts": {
              "create": "1h",
              "delete": "1h",
              "update": null
            }
          },
          "sensitive_attributes": [],
          "private": "eyJlMmJmYjczMC1lY2FhLTExZTYtOGY4OC0zNDM2M2JjN2M0YzAiOnsiY3JlYXRlIjozNjAwMDAwMDAwMDAwLCJkZWxldGUiOjM2MDAwMDAwMDAwMDAsInVwZGF0ZSI6MzAwMDAwMDAwMDAwfX0=",
          "dependencies": [
            "yandex_compute_instance.base-image-vm"
          ]
        }
      ]
    },
    {
      "mode": "managed",
      "type": "yandex_compute_instance",
      "name": "base-image-vm",
      "provider": "provider[\"registry.terraform.io/yandex-cloud/yandex\"]",
      "instances": [
        {
          "schema_version": 1,
          "attributes": {
            "allow_recreate": null,
            "allow_stopping_for_update": null,
            "boot_disk": [
              {
                "auto_delete": true,
                "device_name": "fhms570hr45hpd0uqv4n",
                "disk_id": "fhms570hr45hpd0uqv4n",
                "initialize_params": [
                  {
                    "block_size": 4096,
                    "description": "",
                    "image_id": "fd84tafb5rjruk3t9vrt",
                    "name": "",
                    "size": 10,
                    "snapshot_id": "",
                    "type": "network-ssd"
                  }
                ],
                "mode": "READ_WRITE"
              }
            ],
            "created_at": "2025-11-23T19:23:18Z",
            "description": "",
            "filesystem": [],
            "folder_id": "b1ga8kilo5nklegmh627",
            "fqdn": "fhmr5ifv2cle7ns8hkc2.auto.internal",
            "gpu_cluster_id": "",
            "hostname": "",
            "id": "fhmr5ifv2cle7ns8hkc2",
            "labels": null,
            "local_disk": [],
            "maintenance_grace_period": "",
            "maintenance_policy": null,
            "metadata": {
              "ssh-keys": "ubuntu:ssh-rsa AAAAB3NzaC1yc2EAAAADAQABAAABgQDQO3pLJa6LELZt+zbOLtkF+3hPZb9+Zzw/rq/54W5uN77CYa56umZCtLZyle6B2GjZutHnHzxzv5DyuXzRzq4ldtwozc5oLW2Mjiwj6iQgjX6hn4BFgDRMoFlD7M4ByydCC3teTkZYXrdgAJdPQtzHu/mU0t6UrsizcHmk3//DlX80q7fdmd/qApK4UAocbsdbHG7zzdJhpBUhb8Ol6e7yKWZ8zN+gifPLEs3jkTIT7+YsZF4S+kdQ1xVCn4vqvxrmhcWP9XHdoaDezPd0Etw5nneJXw1mDuWZy5o1/a5JmfQqISUfEJwL0Q/4PMHmHVYjFkVa3uDJek8p7ABMfbIIypRVIa7bJmlWBJ92yvo0rCkaC44KyDV+JrRLf+2LeclRZ67drAJh9DJ3z5/R6EfI2ztIN6gSNixa8kCtwj4eWT0c1nTPXjhnuCPesbs/iyG3H4xeAVmgUsm3Y7wyneHBcNZDxsxRZuL8qZ7pYcxm+IvP0d6L1okhlNgDkwOAwes= appuser"
            },
            "metadata_options": [
              {
                "aws_v1_http_endpoint": 1,
                "aws_v1_http_token": 2,
                "gce_http_endpoint": 1,
                "gce_http_token": 1
              }
            ],
            "name": "base-image-vm",
            "network_acceleration_type": "standard",
            "network_interface": [
              {
                "dns_record": [],
                "index": 0,
                "ip_address": "10.0.1.20",
                "ipv4": true,
                "ipv6": false,
                "ipv6_address": "",
                "ipv6_dns_record": [],
                "mac_address": "d0:0d:1b:2c:9f:f1",
                "nat": true,
                "nat_dns_record": [],
                "nat_ip_address": "158.160.37.165",
                "nat_ip_version": "IPV4",
                "security_group_ids": [],
                "subnet_id": "e9b7db9ld9jg5o5nsj5e"
              }
            ],
            "placement_policy": [
              {
                "host_affinity_rules": [],
                "placement_group_id": "",
                "placement_group_partition": 0
              }
            ],
            "platform_id": "standard-v1",
            "resources": [
              {
                "core_fraction": 100,
                "cores": 2,
                "gpus": 0,
                "memory": 2
              }
            ],
            "scheduling_policy": [
              {
                "preemptible": false
              }
            ],
            "secondary_disk": [],
            "service_account_id": "",
            "status": "running",
            "timeouts": null,
            "zone": "ru-central1-a"
          },
          "sensitive_attributes": [],
          "private": "eyJlMmJmYjczMC1lY2FhLTExZTYtOGY4OC0zNDM2M2JjN2M0YzAiOnsiY3JlYXRlIjozMDAwMDAwMDAwMDAsImRlbGV0ZSI6MzAwMDAwMDAwMDAwLCJ1cGRhdGUiOjMwMDAwMDAwMDAwMH0sInNjaGVtYV92ZXJzaW9uIjoiMSJ9"
        }
      ]
    }
  ],
  "check_results": null
}
